// !$*UTF8*$!
{
	archiveVersion = 1;
	classes = {
	};
	objectVersion = 50;
	objects = {

/* Begin PBXBuildFile section */
		1CE9E54D213D94A10022BE07 /* AppDelegate.swift in Sources */ = {isa = PBXBuildFile; fileRef = 1CE9E54C213D94A10022BE07 /* AppDelegate.swift */; };
		1CE9E552213D94A10022BE07 /* Main.storyboard in Resources */ = {isa = PBXBuildFile; fileRef = 1CE9E550213D94A10022BE07 /* Main.storyboard */; };
		1CE9E555213D94A10022BE07 /* DeckOfCards.xcdatamodeld in Sources */ = {isa = PBXBuildFile; fileRef = 1CE9E553213D94A10022BE07 /* DeckOfCards.xcdatamodeld */; };
		1CE9E557213D94A30022BE07 /* Assets.xcassets in Resources */ = {isa = PBXBuildFile; fileRef = 1CE9E556213D94A30022BE07 /* Assets.xcassets */; };
		1CE9E55A213D94A30022BE07 /* LaunchScreen.storyboard in Resources */ = {isa = PBXBuildFile; fileRef = 1CE9E558213D94A30022BE07 /* LaunchScreen.storyboard */; };
/* End PBXBuildFile section */

/* Begin PBXFileReference section */
		1CE9E549213D94A10022BE07 /* DeckOfCards.app */ = {isa = PBXFileReference; explicitFileType = wrapper.application; includeInIndex = 0; path = DeckOfCards.app; sourceTree = BUILT_PRODUCTS_DIR; };
		1CE9E54C213D94A10022BE07 /* AppDelegate.swift */ = {isa = PBXFileReference; lastKnownFileType = sourcecode.swift; path = AppDelegate.swift; sourceTree = "<group>"; };
		1CE9E551213D94A10022BE07 /* Base */ = {isa = PBXFileReference; lastKnownFileType = file.storyboard; name = Base; path = Base.lproj/Main.storyboard; sourceTree = "<group>"; };
		1CE9E554213D94A10022BE07 /* DeckOfCards.xcdatamodel */ = {isa = PBXFileReference; lastKnownFileType = wrapper.xcdatamodel; path = DeckOfCards.xcdatamodel; sourceTree = "<group>"; };
		1CE9E556213D94A30022BE07 /* Assets.xcassets */ = {isa = PBXFileReference; lastKnownFileType = folder.assetcatalog; path = Assets.xcassets; sourceTree = "<group>"; };
		1CE9E559213D94A30022BE07 /* Base */ = {isa = PBXFileReference; lastKnownFileType = file.storyboard; name = Base; path = Base.lproj/LaunchScreen.storyboard; sourceTree = "<group>"; };
		1CE9E55B213D94A30022BE07 /* Info.plist */ = {isa = PBXFileReference; lastKnownFileType = text.plist.xml; path = Info.plist; sourceTree = "<group>"; };
/* End PBXFileReference section */

/* Begin PBXFrameworksBuildPhase section */
		1CE9E546213D94A10022BE07 /* Frameworks */ = {
			isa = PBXFrameworksBuildPhase;
			buildActionMask = 2147483647;
			files = (
			);
			runOnlyForDeploymentPostprocessing = 0;
		};
/* End PBXFrameworksBuildPhase section */

/* Begin PBXGroup section */
		1CE9E540213D94A10022BE07 = {
			isa = PBXGroup;
			children = (
				1CE9E54B213D94A10022BE07 /* DeckOfCards */,
				1CE9E54A213D94A10022BE07 /* Products */,
			);
			sourceTree = "<group>";
		};
		1CE9E54A213D94A10022BE07 /* Products */ = {
			isa = PBXGroup;
			children = (
				1CE9E549213D94A10022BE07 /* DeckOfCards.app */,
			);
			name = Products;
			sourceTree = "<group>";
		};
		1CE9E54B213D94A10022BE07 /* DeckOfCards */ = {
			isa = PBXGroup;
			children = (
				1CE9E565213D9A5B0022BE07 /* View */,
				1CE9E564213D9A4B0022BE07 /* ModelController */,
				1CE9E563213D9A360022BE07 /* ViewController */,
				1CE9E562213D9A2F0022BE07 /* Model */,
				1CE9E561213D9A260022BE07 /* Resources */,
			);
			path = DeckOfCards;
			sourceTree = "<group>";
		};
		1CE9E561213D9A260022BE07 /* Resources */ = {
			isa = PBXGroup;
			children = (
				1CE9E54C213D94A10022BE07 /* AppDelegate.swift */,
				1CE9E556213D94A30022BE07 /* Assets.xcassets */,
				1CE9E558213D94A30022BE07 /* LaunchScreen.storyboard */,
				1CE9E55B213D94A30022BE07 /* Info.plist */,
				1CE9E553213D94A10022BE07 /* DeckOfCards.xcdatamodeld */,
			);
			path = Resources;
			sourceTree = "<group>";
		};
		1CE9E562213D9A2F0022BE07 /* Model */ = {
			isa = PBXGroup;
			children = (
			);
			path = Model;
			sourceTree = "<group>";
		};
		1CE9E563213D9A360022BE07 /* ViewController */ = {
			isa = PBXGroup;
			children = (
			);
			path = ViewController;
			sourceTree = "<group>";
		};
		1CE9E564213D9A4B0022BE07 /* ModelController */ = {
			isa = PBXGroup;
			children = (
			);
			path = ModelController;
			sourceTree = "<group>";
		};
		1CE9E565213D9A5B0022BE07 /* View */ = {
			isa = PBXGroup;
			children = (
				1CE9E550213D94A10022BE07 /* Main.storyboard */,
			);
			path = View;
			sourceTree = "<group>";
		};
/* End PBXGroup section */

/* Begin PBXNativeTarget section */
		1CE9E548213D94A10022BE07 /* DeckOfCards */ = {
			isa = PBXNativeTarget;
			buildConfigurationList = 1CE9E55E213D94A30022BE07 /* Build configuration list for PBXNativeTarget "DeckOfCards" */;
			buildPhases = (
				1CE9E545213D94A10022BE07 /* Sources */,
				1CE9E546213D94A10022BE07 /* Frameworks */,
				1CE9E547213D94A10022BE07 /* Resources */,
			);
			buildRules = (
			);
			dependencies = (
			);
			name = DeckOfCards;
			productName = DeckOfCards;
			productReference = 1CE9E549213D94A10022BE07 /* DeckOfCards.app */;
			productType = "com.apple.product-type.application";
		};
/* End PBXNativeTarget section */

/* Begin PBXProject section */
		1CE9E541213D94A10022BE07 /* Project object */ = {
			isa = PBXProject;
			attributes = {
				LastSwiftUpdateCheck = 0940;
				LastUpgradeCheck = 0940;
				ORGANIZATIONNAME = "Quinten Smith";
				TargetAttributes = {
					1CE9E548213D94A10022BE07 = {
						CreatedOnToolsVersion = 9.4.1;
					};
				};
			};
			buildConfigurationList = 1CE9E544213D94A10022BE07 /* Build configuration list for PBXProject "DeckOfCards" */;
			compatibilityVersion = "Xcode 9.3";
			developmentRegion = en;
			hasScannedForEncodings = 0;
			knownRegions = (
				en,
				Base,
			);
			mainGroup = 1CE9E540213D94A10022BE07;
			productRefGroup = 1CE9E54A213D94A10022BE07 /* Products */;
			projectDirPath = "";
			projectRoot = "";
			targets = (
				1CE9E548213D94A10022BE07 /* DeckOfCards */,
			);
		};
/* End PBXProject section */

/* Begin PBXResourcesBuildPhase section */
		1CE9E547213D94A10022BE07 /* Resources */ = {
			isa = PBXResourcesBuildPhase;
			buildActionMask = 2147483647;
			files = (
				1CE9E55A213D94A30022BE07 /* LaunchScreen.storyboard in Resources */,
				1CE9E557213D94A30022BE07 /* Assets.xcassets in Resources */,
				1CE9E552213D94A10022BE07 /* Main.storyboard in Resources */,
			);
			runOnlyForDeploymentPostprocessing = 0;
		};
/* End PBXResourcesBuildPhase section */

/* Begin PBXSourcesBuildPhase section */
		1CE9E545213D94A10022BE07 /* Sources */ = {
			isa = PBXSourcesBuildPhase;
			buildActionMask = 2147483647;
			files = (
				1CE9E555213D94A10022BE07 /* DeckOfCards.xcdatamodeld in Sources */,
				1CE9E54D213D94A10022BE07 /* AppDelegate.swift in Sources */,
			);
			runOnlyForDeploymentPostprocessing = 0;
		};
/* End PBXSourcesBuildPhase section */

/* Begin PBXVariantGroup section */
		1CE9E550213D94A10022BE07 /* Main.storyboard */ = {
			isa = PBXVariantGroup;
			children = (
				1CE9E551213D94A10022BE07 /* Base */,
			);
			name = Main.storyboard;
			sourceTree = "<group>";
		};
		1CE9E558213D94A30022BE07 /* LaunchScreen.storyboard */ = {
			isa = PBXVariantGroup;
			children = (
				1CE9E559213D94A30022BE07 /* Base */,
			);
			name = LaunchScreen.storyboard;
			sourceTree = "<group>";
		};
/* End PBXVariantGroup section */

/* Begin XCBuildConfiguration section */
		1CE9E55C213D94A30022BE07 /* Debug */ = {
			isa = XCBuildConfiguration;
			buildSettings = {
				ALWAYS_SEARCH_USER_PATHS = NO;
				CLANG_ANALYZER_NONNULL = YES;
				CLANG_ANALYZER_NUMBER_OBJECT_CONVERSION = YES_AGGRESSIVE;
				CLANG_CXX_LANGUAGE_STANDARD = "gnu++14";
				CLANG_CXX_LIBRARY = "libc++";
				CLANG_ENABLE_MODULES = YES;
				CLANG_ENABLE_OBJC_ARC = YES;
				CLANG_ENABLE_OBJC_WEAK = YES;
				CLANG_WARN_BLOCK_CAPTURE_AUTORELEASING = YES;
				CLANG_WARN_BOOL_CONVERSION = YES;
				CLANG_WARN_COMMA = YES;
				CLANG_WARN_CONSTANT_CONVERSION = YES;
				CLANG_WARN_DEPRECATED_OBJC_IMPLEMENTATIONS = YES;
				CLANG_WARN_DIRECT_OBJC_ISA_USAGE = YES_ERROR;
				CLANG_WARN_DOCUMENTATION_COMMENTS = YES;
				CLANG_WARN_EMPTY_BODY = YES;
				CLANG_WARN_ENUM_CONVERSION = YES;
				CLANG_WARN_INFINITE_RECURSION = YES;
				CLANG_WARN_INT_CONVERSION = YES;
				CLANG_WARN_NON_LITERAL_NULL_CONVERSION = YES;
				CLANG_WARN_OBJC_IMPLICIT_RETAIN_SELF = YES;
				CLANG_WARN_OBJC_LITERAL_CONVERSION = YES;
				CLANG_WARN_OBJC_ROOT_CLASS = YES_ERROR;
				CLANG_WARN_RANGE_LOOP_ANALYSIS = YES;
				CLANG_WARN_STRICT_PROTOTYPES = YES;
				CLANG_WARN_SUSPICIOUS_MOVE = YES;
				CLANG_WARN_UNGUARDED_AVAILABILITY = YES_AGGRESSIVE;
				CLANG_WARN_UNREACHABLE_CODE = YES;
				CLANG_WARN__DUPLICATE_METHOD_MATCH = YES;
				CODE_SIGN_IDENTITY = "iPhone Developer";
				COPY_PHASE_STRIP = NO;
				DEBUG_INFORMATION_FORMAT = dwarf;
				ENABLE_STRICT_OBJC_MSGSEND = YES;
				ENABLE_TESTABILITY = YES;
				GCC_C_LANGUAGE_STANDARD = gnu11;
				GCC_DYNAMIC_NO_PIC = NO;
				GCC_NO_COMMON_BLOCKS = YES;
				GCC_OPTIMIZATION_LEVEL = 0;
				GCC_PREPROCESSOR_DEFINITIONS = (
					"DEBUG=1",
					"$(inherited)",
				);
				GCC_WARN_64_TO_32_BIT_CONVERSION = YES;
				GCC_WARN_ABOUT_RETURN_TYPE = YES_ERROR;
				GCC_WARN_UNDECLARED_SELECTOR = YES;
				GCC_WARN_UNINITIALIZED_AUTOS = YES_AGGRESSIVE;
				GCC_WARN_UNUSED_FUNCTION = YES;
				GCC_WARN_UNUSED_VARIABLE = YES;
				IPHONEOS_DEPLOYMENT_TARGET = 11.4;
				MTL_ENABLE_DEBUG_INFO = YES;
				ONLY_ACTIVE_ARCH = YES;
				SDKROOT = iphoneos;
				SWIFT_ACTIVE_COMPILATION_CONDITIONS = DEBUG;
				SWIFT_OPTIMIZATION_LEVEL = "-Onone";
			};
			name = Debug;
		};
		1CE9E55D213D94A30022BE07 /* Release */ = {
			isa = XCBuildConfiguration;
			buildSettings = {
				ALWAYS_SEARCH_USER_PATHS = NO;
				CLANG_ANALYZER_NONNULL = YES;
				CLANG_ANALYZER_NUMBER_OBJECT_CONVERSION = YES_AGGRESSIVE;
				CLANG_CXX_LANGUAGE_STANDARD = "gnu++14";
				CLANG_CXX_LIBRARY = "libc++";
				CLANG_ENABLE_MODULES = YES;
				CLANG_ENABLE_OBJC_ARC = YES;
				CLANG_ENABLE_OBJC_WEAK = YES;
				CLANG_WARN_BLOCK_CAPTURE_AUTORELEASING = YES;
				CLANG_WARN_BOOL_CONVERSION = YES;
				CLANG_WARN_COMMA = YES;
				CLANG_WARN_CONSTANT_CONVERSION = YES;
				CLANG_WARN_DEPRECATED_OBJC_IMPLEMENTATIONS = YES;
				CLANG_WARN_DIRECT_OBJC_ISA_USAGE = YES_ERROR;
				CLANG_WARN_DOCUMENTATION_COMMENTS = YES;
				CLANG_WARN_EMPTY_BODY = YES;
				CLANG_WARN_ENUM_CONVERSION = YES;
				CLANG_WARN_INFINITE_RECURSION = YES;
				CLANG_WARN_INT_CONVERSION = YES;
				CLANG_WARN_NON_LITERAL_NULL_CONVERSION = YES;
				CLANG_WARN_OBJC_IMPLICIT_RETAIN_SELF = YES;
				CLANG_WARN_OBJC_LITERAL_CONVERSION = YES;
				CLANG_WARN_OBJC_ROOT_CLASS = YES_ERROR;
				CLANG_WARN_RANGE_LOOP_ANALYSIS = YES;
				CLANG_WARN_STRICT_PROTOTYPES = YES;
				CLANG_WARN_SUSPICIOUS_MOVE = YES;
				CLANG_WARN_UNGUARDED_AVAILABILITY = YES_AGGRESSIVE;
				CLANG_WARN_UNREACHABLE_CODE = YES;
				CLANG_WARN__DUPLICATE_METHOD_MATCH = YES;
				CODE_SIGN_IDENTITY = "iPhone Developer";
				COPY_PHASE_STRIP = NO;
				DEBUG_INFORMATION_FORMAT = "dwarf-with-dsym";
				ENABLE_NS_ASSERTIONS = NO;
				ENABLE_STRICT_OBJC_MSGSEND = YES;
				GCC_C_LANGUAGE_STANDARD = gnu11;
				GCC_NO_COMMON_BLOCKS = YES;
				GCC_WARN_64_TO_32_BIT_CONVERSION = YES;
				GCC_WARN_ABOUT_RETURN_TYPE = YES_ERROR;
				GCC_WARN_UNDECLARED_SELECTOR = YES;
				GCC_WARN_UNINITIALIZED_AUTOS = YES_AGGRESSIVE;
				GCC_WARN_UNUSED_FUNCTION = YES;
				GCC_WARN_UNUSED_VARIABLE = YES;
				IPHONEOS_DEPLOYMENT_TARGET = 11.4;
				MTL_ENABLE_DEBUG_INFO = NO;
				SDKROOT = iphoneos;
				SWIFT_COMPILATION_MODE = wholemodule;
				SWIFT_OPTIMIZATION_LEVEL = "-O";
				VALIDATE_PRODUCT = YES;
			};
			name = Release;
		};
		1CE9E55F213D94A30022BE07 /* Debug */ = {
			isa = XCBuildConfiguration;
			buildSettings = {
				ASSETCATALOG_COMPILER_APPICON_NAME = AppIcon;
				CODE_SIGN_STYLE = Automatic;
				INFOPLIST_FILE = "$(SRCROOT)/DeckOfCards/Resources/Info.plist";
				LD_RUNPATH_SEARCH_PATHS = (
					"$(inherited)",
					"@executable_path/Frameworks",
				);
				PRODUCT_BUNDLE_IDENTIFIER = com.example.DeckOfCards;
				PRODUCT_NAME = "$(TARGET_NAME)";
				SWIFT_VERSION = 4.0;
				TARGETED_DEVICE_FAMILY = "1,2";
			};
			name = Debug;
		};
		1CE9E560213D94A30022BE07 /* Release */ = {
			isa = XCBuildConfiguration;
			buildSettings = {
				ASSETCATALOG_COMPILER_APPICON_NAME = AppIcon;
				CODE_SIGN_STYLE = Automatic;
				INFOPLIST_FILE = "$(SRCROOT)/DeckOfCards/Resources/Info.plist";
				LD_RUNPATH_SEARCH_PATHS = (
					"$(inherited)",
					"@executable_path/Frameworks",
				);
				PRODUCT_BUNDLE_IDENTIFIER = com.example.DeckOfCards;
				PRODUCT_NAME = "$(TARGET_NAME)";
				SWIFT_VERSION = 4.0;
				TARGETED_DEVICE_FAMILY = "1,2";
			};
			name = Release;
		};
/* End XCBuildConfiguration section */

/* Begin XCConfigurationList section */
		1CE9E544213D94A10022BE07 /* Build configuration list for PBXProject "DeckOfCards" */ = {
			isa = XCConfigurationList;
			buildConfigurations = (
				1CE9E55C213D94A30022BE07 /* Debug */,
				1CE9E55D213D94A30022BE07 /* Release */,
			);
			defaultConfigurationIsVisible = 0;
			defaultConfigurationName = Release;
		};
		1CE9E55E213D94A30022BE07 /* Build configuration list for PBXNativeTarget "DeckOfCards" */ = {
			isa = XCConfigurationList;
			buildConfigurations = (
				1CE9E55F213D94A30022BE07 /* Debug */,
				1CE9E560213D94A30022BE07 /* Release */,
			);
			defaultConfigurationIsVisible = 0;
			defaultConfigurationName = Release;
		};
/* End XCConfigurationList section */

/* Begin XCVersionGroup section */
		1CE9E553213D94A10022BE07 /* DeckOfCards.xcdatamodeld */ = {
			isa = XCVersionGroup;
			children = (
				1CE9E554213D94A10022BE07 /* DeckOfCards.xcdatamodel */,
			);
			currentVersion = 1CE9E554213D94A10022BE07 /* DeckOfCards.xcdatamodel */;
			path = DeckOfCards.xcdatamodeld;
			sourceTree = "<group>";
			versionGroupType = wrapper.xcdatamodel;
		};
/* End XCVersionGroup section */
	};
	rootObject = 1CE9E541213D94A10022BE07 /* Project object */;
}
